
Microsoft Visual Studio Solution File, Format Version 12.00
# Visual Studio Version 17
VisualStudioVersion = 17.0.31903.59
MinimumVisualStudioVersion = 10.0.40219.1
Project("{FAE04EC0-301F-11D3-BF4B-00C04F79EFBC}") = "StudioLE.Verify", "StudioLE.Verify\src\StudioLE.Verify.csproj", "{4919C312-6041-4E6A-B915-00F399909187}"
EndProject
Project("{FAE04EC0-301F-11D3-BF4B-00C04F79EFBC}") = "StudioLE.Verify.Tests", "StudioLE.Verify\tests\StudioLE.Verify.Tests.csproj", "{66756D59-1405-4933-90A6-1EAA7BF795B4}"
EndProject
Project("{FAE04EC0-301F-11D3-BF4B-00C04F79EFBC}") = "StudioLE.Verify.Json", "StudioLE.Verify.Json\src\StudioLE.Verify.Json.csproj", "{A85DD693-98CF-40BB-9D7E-32F9E4609FA1}"
EndProject
Project("{FAE04EC0-301F-11D3-BF4B-00C04F79EFBC}") = "StudioLE.Verify.Yaml", "StudioLE.Verify.Yaml\src\StudioLE.Verify.Yaml.csproj", "{C7405A1B-E5EE-4477-A3BA-1C13B5A16F34}"
EndProject
Project("{FAE04EC0-301F-11D3-BF4B-00C04F79EFBC}") = "StudioLE.Diagnostics.NUnit", "StudioLE.Diagnostics.NUnit\src\StudioLE.Diagnostics.NUnit.csproj", "{0135FB15-ADB2-4FF1-BB46-004909747DA6}"
EndProject
Project("{FAE04EC0-301F-11D3-BF4B-00C04F79EFBC}") = "StudioLE.Diagnostics.Abstractions", "StudioLE.Diagnostics.Abstractions\src\StudioLE.Diagnostics.Abstractions.csproj", "{A91CB926-C4E9-4A07-A945-87A767FE37BA}"
EndProject
Project("{2150E333-8FDC-42A3-9474-1A3956D46DE8}") = "Diagnostics", "Diagnostics", "{1306F628-54AE-4D2A-B4FA-AAD0D847CE32}"
EndProject
Project("{2150E333-8FDC-42A3-9474-1A3956D46DE8}") = "Verify", "Verify", "{D12B09C2-9575-46D3-BF1B-B04D364EAB4B}"
EndProject
Project("{FAE04EC0-301F-11D3-BF4B-00C04F79EFBC}") = "StudioLE.Diagnostics.NUnit.Tests", "StudioLE.Diagnostics.NUnit\tests\StudioLE.Diagnostics.NUnit.Tests.csproj", "{039FC401-A6B9-4048-ACC6-90AC5AFF498F}"
EndProject
Global
	GlobalSection(SolutionConfigurationPlatforms) = preSolution
		Debug|Any CPU = Debug|Any CPU
		Release|Any CPU = Release|Any CPU
	EndGlobalSection
	GlobalSection(SolutionProperties) = preSolution
		HideSolutionNode = FALSE
	EndGlobalSection
	GlobalSection(ProjectConfigurationPlatforms) = postSolution
		{4919C312-6041-4E6A-B915-00F399909187}.Debug|Any CPU.ActiveCfg = Debug|Any CPU
		{4919C312-6041-4E6A-B915-00F399909187}.Debug|Any CPU.Build.0 = Debug|Any CPU
		{4919C312-6041-4E6A-B915-00F399909187}.Release|Any CPU.ActiveCfg = Release|Any CPU
		{4919C312-6041-4E6A-B915-00F399909187}.Release|Any CPU.Build.0 = Release|Any CPU
		{66756D59-1405-4933-90A6-1EAA7BF795B4}.Debug|Any CPU.ActiveCfg = Debug|Any CPU
		{66756D59-1405-4933-90A6-1EAA7BF795B4}.Debug|Any CPU.Build.0 = Debug|Any CPU
		{66756D59-1405-4933-90A6-1EAA7BF795B4}.Release|Any CPU.ActiveCfg = Release|Any CPU
		{66756D59-1405-4933-90A6-1EAA7BF795B4}.Release|Any CPU.Build.0 = Release|Any CPU
		{A85DD693-98CF-40BB-9D7E-32F9E4609FA1}.Debug|Any CPU.ActiveCfg = Debug|Any CPU
		{A85DD693-98CF-40BB-9D7E-32F9E4609FA1}.Debug|Any CPU.Build.0 = Debug|Any CPU
		{A85DD693-98CF-40BB-9D7E-32F9E4609FA1}.Release|Any CPU.ActiveCfg = Release|Any CPU
		{A85DD693-98CF-40BB-9D7E-32F9E4609FA1}.Release|Any CPU.Build.0 = Release|Any CPU
		{C7405A1B-E5EE-4477-A3BA-1C13B5A16F34}.Debug|Any CPU.ActiveCfg = Debug|Any CPU
		{C7405A1B-E5EE-4477-A3BA-1C13B5A16F34}.Debug|Any CPU.Build.0 = Debug|Any CPU
		{C7405A1B-E5EE-4477-A3BA-1C13B5A16F34}.Release|Any CPU.ActiveCfg = Release|Any CPU
		{C7405A1B-E5EE-4477-A3BA-1C13B5A16F34}.Release|Any CPU.Build.0 = Release|Any CPU
		{0135FB15-ADB2-4FF1-BB46-004909747DA6}.Debug|Any CPU.ActiveCfg = Debug|Any CPU
		{0135FB15-ADB2-4FF1-BB46-004909747DA6}.Debug|Any CPU.Build.0 = Debug|Any CPU
		{0135FB15-ADB2-4FF1-BB46-004909747DA6}.Release|Any CPU.ActiveCfg = Release|Any CPU
		{0135FB15-ADB2-4FF1-BB46-004909747DA6}.Release|Any CPU.Build.0 = Release|Any CPU
		{A91CB926-C4E9-4A07-A945-87A767FE37BA}.Debug|Any CPU.ActiveCfg = Debug|Any CPU
		{A91CB926-C4E9-4A07-A945-87A767FE37BA}.Debug|Any CPU.Build.0 = Debug|Any CPU
		{A91CB926-C4E9-4A07-A945-87A767FE37BA}.Release|Any CPU.ActiveCfg = Release|Any CPU
		{A91CB926-C4E9-4A07-A945-87A767FE37BA}.Release|Any CPU.Build.0 = Release|Any CPU
		{039FC401-A6B9-4048-ACC6-90AC5AFF498F}.Debug|Any CPU.ActiveCfg = Debug|Any CPU
		{039FC401-A6B9-4048-ACC6-90AC5AFF498F}.Debug|Any CPU.Build.0 = Debug|Any CPU
		{039FC401-A6B9-4048-ACC6-90AC5AFF498F}.Release|Any CPU.ActiveCfg = Release|Any CPU
		{039FC401-A6B9-4048-ACC6-90AC5AFF498F}.Release|Any CPU.Build.0 = Release|Any CPU
	EndGlobalSection
	GlobalSection(NestedProjects) = preSolution
		{A91CB926-C4E9-4A07-A945-87A767FE37BA} = {1306F628-54AE-4D2A-B4FA-AAD0D847CE32}
		{0135FB15-ADB2-4FF1-BB46-004909747DA6} = {1306F628-54AE-4D2A-B4FA-AAD0D847CE32}
		{4919C312-6041-4E6A-B915-00F399909187} = {D12B09C2-9575-46D3-BF1B-B04D364EAB4B}
		{A85DD693-98CF-40BB-9D7E-32F9E4609FA1} = {D12B09C2-9575-46D3-BF1B-B04D364EAB4B}
		{66756D59-1405-4933-90A6-1EAA7BF795B4} = {D12B09C2-9575-46D3-BF1B-B04D364EAB4B}
		{C7405A1B-E5EE-4477-A3BA-1C13B5A16F34} = {D12B09C2-9575-46D3-BF1B-B04D364EAB4B}
		{039FC401-A6B9-4048-ACC6-90AC5AFF498F} = {1306F628-54AE-4D2A-B4FA-AAD0D847CE32}
	EndGlobalSection
EndGlobal
