
Microsoft Visual Studio Solution File, Format Version 12.00
# Visual Studio Version 17
VisualStudioVersion = 17.0.31903.59
MinimumVisualStudioVersion = 10.0.40219.1
Project("{FAE04EC0-301F-11D3-BF4B-00C04F79EFBC}") = "StudioLE.Verify", "StudioLE.Verify\src\StudioLE.Verify.csproj", "{4919C312-6041-4E6A-B915-00F399909187}"
EndProject
Project("{FAE04EC0-301F-11D3-BF4B-00C04F79EFBC}") = "StudioLE.Verify.NUnit", "StudioLE.Verify.NUnit\src\StudioLE.Verify.NUnit.csproj", "{53690C88-6A87-42A8-A5D3-0630B3616F7D}"
EndProject
Project("{FAE04EC0-301F-11D3-BF4B-00C04F79EFBC}") = "StudioLE.Verify.Tests", "StudioLE.Verify\tests\StudioLE.Verify.Tests.csproj", "{66756D59-1405-4933-90A6-1EAA7BF795B4}"
EndProject
Project("{FAE04EC0-301F-11D3-BF4B-00C04F79EFBC}") = "StudioLE.Verify.Json", "StudioLE.Verify.Json\src\StudioLE.Verify.Json.csproj", "{A85DD693-98CF-40BB-9D7E-32F9E4609FA1}"
EndProject
Project("{FAE04EC0-301F-11D3-BF4B-00C04F79EFBC}") = "StudioLE.Verify.Yaml", "StudioLE.Verify.Yaml\src\StudioLE.Verify.Yaml.csproj", "{C7405A1B-E5EE-4477-A3BA-1C13B5A16F34}"
EndProject
Global
	GlobalSection(SolutionConfigurationPlatforms) = preSolution
		Debug|Any CPU = Debug|Any CPU
		Release|Any CPU = Release|Any CPU
	EndGlobalSection
	GlobalSection(SolutionProperties) = preSolution
		HideSolutionNode = FALSE
	EndGlobalSection
	GlobalSection(ProjectConfigurationPlatforms) = postSolution
		{4919C312-6041-4E6A-B915-00F399909187}.Debug|Any CPU.ActiveCfg = Debug|Any CPU
		{4919C312-6041-4E6A-B915-00F399909187}.Debug|Any CPU.Build.0 = Debug|Any CPU
		{4919C312-6041-4E6A-B915-00F399909187}.Release|Any CPU.ActiveCfg = Release|Any CPU
		{4919C312-6041-4E6A-B915-00F399909187}.Release|Any CPU.Build.0 = Release|Any CPU
		{53690C88-6A87-42A8-A5D3-0630B3616F7D}.Debug|Any CPU.ActiveCfg = Debug|Any CPU
		{53690C88-6A87-42A8-A5D3-0630B3616F7D}.Debug|Any CPU.Build.0 = Debug|Any CPU
		{53690C88-6A87-42A8-A5D3-0630B3616F7D}.Release|Any CPU.ActiveCfg = Release|Any CPU
		{53690C88-6A87-42A8-A5D3-0630B3616F7D}.Release|Any CPU.Build.0 = Release|Any CPU
		{66756D59-1405-4933-90A6-1EAA7BF795B4}.Debug|Any CPU.ActiveCfg = Debug|Any CPU
		{66756D59-1405-4933-90A6-1EAA7BF795B4}.Debug|Any CPU.Build.0 = Debug|Any CPU
		{66756D59-1405-4933-90A6-1EAA7BF795B4}.Release|Any CPU.ActiveCfg = Release|Any CPU
		{66756D59-1405-4933-90A6-1EAA7BF795B4}.Release|Any CPU.Build.0 = Release|Any CPU
		{A85DD693-98CF-40BB-9D7E-32F9E4609FA1}.Debug|Any CPU.ActiveCfg = Debug|Any CPU
		{A85DD693-98CF-40BB-9D7E-32F9E4609FA1}.Debug|Any CPU.Build.0 = Debug|Any CPU
		{A85DD693-98CF-40BB-9D7E-32F9E4609FA1}.Release|Any CPU.ActiveCfg = Release|Any CPU
		{A85DD693-98CF-40BB-9D7E-32F9E4609FA1}.Release|Any CPU.Build.0 = Release|Any CPU
		{C7405A1B-E5EE-4477-A3BA-1C13B5A16F34}.Debug|Any CPU.ActiveCfg = Debug|Any CPU
		{C7405A1B-E5EE-4477-A3BA-1C13B5A16F34}.Debug|Any CPU.Build.0 = Debug|Any CPU
		{C7405A1B-E5EE-4477-A3BA-1C13B5A16F34}.Release|Any CPU.ActiveCfg = Release|Any CPU
		{C7405A1B-E5EE-4477-A3BA-1C13B5A16F34}.Release|Any CPU.Build.0 = Release|Any CPU
	EndGlobalSection
	GlobalSection(NestedProjects) = preSolution
	EndGlobalSection
EndGlobal
